
Microsoft Visual Studio Solution File, Format Version 12.00
# Visual Studio Version 17
VisualStudioVersion = 17.9.34723.18
MinimumVisualStudioVersion = 10.0.40219.1
Project("{9A19103F-16F7-4668-BE54-9A1E7A4F7556}") = "LoginAPI", "CustomersAPI\LoginAPI.csproj", "{EE9B65B0-B1F6-4544-A0EF-C9541C37BAB6}"
EndProject
Project("{9A19103F-16F7-4668-BE54-9A1E7A4F7556}") = "MauiAppLogin", "MauiAppLogin\MauiAppLogin.csproj", "{1A8D06A0-EB8A-4E10-87B2-E3C38C3223D4}"
EndProject
Project("{FAE04EC0-301F-11D3-BF4B-00C04F79EFBC}") = "DataClassLibrary", "DataClassLibrary\DataClassLibrary.csproj", "{9D43C035-D6D4-414E-B8CF-126356C97AB1}"
EndProject
Global
	GlobalSection(SolutionConfigurationPlatforms) = preSolution
		Debug|Any CPU = Debug|Any CPU
		Release|Any CPU = Release|Any CPU
	EndGlobalSection
	GlobalSection(ProjectConfigurationPlatforms) = postSolution
		{EE9B65B0-B1F6-4544-A0EF-C9541C37BAB6}.Debug|Any CPU.ActiveCfg = Debug|Any CPU
		{EE9B65B0-B1F6-4544-A0EF-C9541C37BAB6}.Debug|Any CPU.Build.0 = Debug|Any CPU
		{EE9B65B0-B1F6-4544-A0EF-C9541C37BAB6}.Release|Any CPU.ActiveCfg = Release|Any CPU
		{EE9B65B0-B1F6-4544-A0EF-C9541C37BAB6}.Release|Any CPU.Build.0 = Release|Any CPU
		{1A8D06A0-EB8A-4E10-87B2-E3C38C3223D4}.Debug|Any CPU.ActiveCfg = Debug|Any CPU
		{1A8D06A0-EB8A-4E10-87B2-E3C38C3223D4}.Debug|Any CPU.Build.0 = Debug|Any CPU
		{1A8D06A0-EB8A-4E10-87B2-E3C38C3223D4}.Debug|Any CPU.Deploy.0 = Debug|Any CPU
		{1A8D06A0-EB8A-4E10-87B2-E3C38C3223D4}.Release|Any CPU.ActiveCfg = Release|Any CPU
		{1A8D06A0-EB8A-4E10-87B2-E3C38C3223D4}.Release|Any CPU.Build.0 = Release|Any CPU
		{1A8D06A0-EB8A-4E10-87B2-E3C38C3223D4}.Release|Any CPU.Deploy.0 = Release|Any CPU
		{9D43C035-D6D4-414E-B8CF-126356C97AB1}.Debug|Any CPU.ActiveCfg = Debug|Any CPU
		{9D43C035-D6D4-414E-B8CF-126356C97AB1}.Debug|Any CPU.Build.0 = Debug|Any CPU
		{9D43C035-D6D4-414E-B8CF-126356C97AB1}.Release|Any CPU.ActiveCfg = Release|Any CPU
		{9D43C035-D6D4-414E-B8CF-126356C97AB1}.Release|Any CPU.Build.0 = Release|Any CPU
	EndGlobalSection
	GlobalSection(SolutionProperties) = preSolution
		HideSolutionNode = FALSE
	EndGlobalSection
	GlobalSection(ExtensibilityGlobals) = postSolution
		SolutionGuid = {F1B75BE8-8C4F-4F2E-8875-5764BDABA9F4}
	EndGlobalSection
EndGlobal
